// !$*UTF8*$!
{
	archiveVersion = 1;
	classes = {
	};
	objectVersion = 56;
	objects = {

/* Begin PBXBuildFile section */
		53E3B49F295E757D00B77CC5 /* LoginView.swift in Sources */ = {isa = PBXBuildFile; fileRef = 53E3B49E295E757D00B77CC5 /* LoginView.swift */; };
		8AD9F38E2953A4CE00C26FA6 /* BestowerIOSAppApp.swift in Sources */ = {isa = PBXBuildFile; fileRef = 8AD9F38D2953A4CE00C26FA6 /* BestowerIOSAppApp.swift */; };
		8AD9F3902953A4CE00C26FA6 /* ContentView.swift in Sources */ = {isa = PBXBuildFile; fileRef = 8AD9F38F2953A4CE00C26FA6 /* ContentView.swift */; };
		8AD9F3922953A4CF00C26FA6 /* Assets.xcassets in Resources */ = {isa = PBXBuildFile; fileRef = 8AD9F3912953A4CF00C26FA6 /* Assets.xcassets */; };
		8AD9F3952953A4CF00C26FA6 /* Preview Assets.xcassets in Resources */ = {isa = PBXBuildFile; fileRef = 8AD9F3942953A4CF00C26FA6 /* Preview Assets.xcassets */; };
		8AD9F39F2953A4D000C26FA6 /* BestowerIOSAppTests.swift in Sources */ = {isa = PBXBuildFile; fileRef = 8AD9F39E2953A4D000C26FA6 /* BestowerIOSAppTests.swift */; };
		8AD9F3A92953A4D000C26FA6 /* BestowerIOSAppUITests.swift in Sources */ = {isa = PBXBuildFile; fileRef = 8AD9F3A82953A4D000C26FA6 /* BestowerIOSAppUITests.swift */; };
		8AD9F3AB2953A4D000C26FA6 /* BestowerIOSAppUITestsLaunchTests.swift in Sources */ = {isa = PBXBuildFile; fileRef = 8AD9F3AA2953A4D000C26FA6 /* BestowerIOSAppUITestsLaunchTests.swift */; };
/* End PBXBuildFile section */

/* Begin PBXContainerItemProxy section */
		8AD9F39B2953A4D000C26FA6 /* PBXContainerItemProxy */ = {
			isa = PBXContainerItemProxy;
			containerPortal = 8AD9F3822953A4CE00C26FA6 /* Project object */;
			proxyType = 1;
			remoteGlobalIDString = 8AD9F3892953A4CE00C26FA6;
			remoteInfo = BestowerIOSApp;
		};
		8AD9F3A52953A4D000C26FA6 /* PBXContainerItemProxy */ = {
			isa = PBXContainerItemProxy;
			containerPortal = 8AD9F3822953A4CE00C26FA6 /* Project object */;
			proxyType = 1;
			remoteGlobalIDString = 8AD9F3892953A4CE00C26FA6;
			remoteInfo = BestowerIOSApp;
		};
/* End PBXContainerItemProxy section */

/* Begin PBXFileReference section */
		53E3B49E295E757D00B77CC5 /* LoginView.swift */ = {isa = PBXFileReference; lastKnownFileType = sourcecode.swift; path = LoginView.swift; sourceTree = "<group>"; };
		8AD9F38A2953A4CE00C26FA6 /* BestowerIOSApp.app */ = {isa = PBXFileReference; explicitFileType = wrapper.application; includeInIndex = 0; path = BestowerIOSApp.app; sourceTree = BUILT_PRODUCTS_DIR; };
		8AD9F38D2953A4CE00C26FA6 /* BestowerIOSAppApp.swift */ = {isa = PBXFileReference; lastKnownFileType = sourcecode.swift; path = BestowerIOSAppApp.swift; sourceTree = "<group>"; };
		8AD9F38F2953A4CE00C26FA6 /* ContentView.swift */ = {isa = PBXFileReference; lastKnownFileType = sourcecode.swift; path = ContentView.swift; sourceTree = "<group>"; };
		8AD9F3912953A4CF00C26FA6 /* Assets.xcassets */ = {isa = PBXFileReference; lastKnownFileType = folder.assetcatalog; path = Assets.xcassets; sourceTree = "<group>"; };
		8AD9F3942953A4CF00C26FA6 /* Preview Assets.xcassets */ = {isa = PBXFileReference; lastKnownFileType = folder.assetcatalog; path = "Preview Assets.xcassets"; sourceTree = "<group>"; };
		8AD9F39A2953A4D000C26FA6 /* BestowerIOSAppTests.xctest */ = {isa = PBXFileReference; explicitFileType = wrapper.cfbundle; includeInIndex = 0; path = BestowerIOSAppTests.xctest; sourceTree = BUILT_PRODUCTS_DIR; };
		8AD9F39E2953A4D000C26FA6 /* BestowerIOSAppTests.swift */ = {isa = PBXFileReference; lastKnownFileType = sourcecode.swift; path = BestowerIOSAppTests.swift; sourceTree = "<group>"; };
		8AD9F3A42953A4D000C26FA6 /* BestowerIOSAppUITests.xctest */ = {isa = PBXFileReference; explicitFileType = wrapper.cfbundle; includeInIndex = 0; path = BestowerIOSAppUITests.xctest; sourceTree = BUILT_PRODUCTS_DIR; };
		8AD9F3A82953A4D000C26FA6 /* BestowerIOSAppUITests.swift */ = {isa = PBXFileReference; lastKnownFileType = sourcecode.swift; path = BestowerIOSAppUITests.swift; sourceTree = "<group>"; };
		8AD9F3AA2953A4D000C26FA6 /* BestowerIOSAppUITestsLaunchTests.swift */ = {isa = PBXFileReference; lastKnownFileType = sourcecode.swift; path = BestowerIOSAppUITestsLaunchTests.swift; sourceTree = "<group>"; };
/* End PBXFileReference section */

/* Begin PBXFrameworksBuildPhase section */
		8AD9F3872953A4CE00C26FA6 /* Frameworks */ = {
			isa = PBXFrameworksBuildPhase;
			buildActionMask = 2147483647;
			files = (
			);
			runOnlyForDeploymentPostprocessing = 0;
		};
		8AD9F3972953A4D000C26FA6 /* Frameworks */ = {
			isa = PBXFrameworksBuildPhase;
			buildActionMask = 2147483647;
			files = (
			);
			runOnlyForDeploymentPostprocessing = 0;
		};
		8AD9F3A12953A4D000C26FA6 /* Frameworks */ = {
			isa = PBXFrameworksBuildPhase;
			buildActionMask = 2147483647;
			files = (
			);
			runOnlyForDeploymentPostprocessing = 0;
		};
/* End PBXFrameworksBuildPhase section */

/* Begin PBXGroup section */
		8AD9F3812953A4CE00C26FA6 = {
			isa = PBXGroup;
			children = (
				8AD9F38C2953A4CE00C26FA6 /* BestowerIOSApp */,
				8AD9F39D2953A4D000C26FA6 /* BestowerIOSAppTests */,
				8AD9F3A72953A4D000C26FA6 /* BestowerIOSAppUITests */,
				8AD9F38B2953A4CE00C26FA6 /* Products */,
			);
			sourceTree = "<group>";
		};
		8AD9F38B2953A4CE00C26FA6 /* Products */ = {
			isa = PBXGroup;
			children = (
				8AD9F38A2953A4CE00C26FA6 /* BestowerIOSApp.app */,
				8AD9F39A2953A4D000C26FA6 /* BestowerIOSAppTests.xctest */,
				8AD9F3A42953A4D000C26FA6 /* BestowerIOSAppUITests.xctest */,
			);
			name = Products;
			sourceTree = "<group>";
		};
		8AD9F38C2953A4CE00C26FA6 /* BestowerIOSApp */ = {
			isa = PBXGroup;
			children = (
				8AD9F38D2953A4CE00C26FA6 /* BestowerIOSAppApp.swift */,
				8AD9F38F2953A4CE00C26FA6 /* ContentView.swift */,
				8AD9F3912953A4CF00C26FA6 /* Assets.xcassets */,
				8AD9F3932953A4CF00C26FA6 /* Preview Content */,
				53E3B49E295E757D00B77CC5 /* LoginView.swift */,
			);
			path = BestowerIOSApp;
			sourceTree = "<group>";
		};
		8AD9F3932953A4CF00C26FA6 /* Preview Content */ = {
			isa = PBXGroup;
			children = (
				8AD9F3942953A4CF00C26FA6 /* Preview Assets.xcassets */,
			);
			path = "Preview Content";
			sourceTree = "<group>";
		};
		8AD9F39D2953A4D000C26FA6 /* BestowerIOSAppTests */ = {
			isa = PBXGroup;
			children = (
				8AD9F39E2953A4D000C26FA6 /* BestowerIOSAppTests.swift */,
			);
			path = BestowerIOSAppTests;
			sourceTree = "<group>";
		};
		8AD9F3A72953A4D000C26FA6 /* BestowerIOSAppUITests */ = {
			isa = PBXGroup;
			children = (
				8AD9F3A82953A4D000C26FA6 /* BestowerIOSAppUITests.swift */,
				8AD9F3AA2953A4D000C26FA6 /* BestowerIOSAppUITestsLaunchTests.swift */,
			);
			path = BestowerIOSAppUITests;
			sourceTree = "<group>";
		};
/* End PBXGroup section */

/* Begin PBXNativeTarget section */
		8AD9F3892953A4CE00C26FA6 /* BestowerIOSApp */ = {
			isa = PBXNativeTarget;
			buildConfigurationList = 8AD9F3AE2953A4D000C26FA6 /* Build configuration list for PBXNativeTarget "BestowerIOSApp" */;
			buildPhases = (
				8AD9F3862953A4CE00C26FA6 /* Sources */,
				8AD9F3872953A4CE00C26FA6 /* Frameworks */,
				8AD9F3882953A4CE00C26FA6 /* Resources */,
			);
			buildRules = (
			);
			dependencies = (
			);
			name = BestowerIOSApp;
			productName = BestowerIOSApp;
			productReference = 8AD9F38A2953A4CE00C26FA6 /* BestowerIOSApp.app */;
			productType = "com.apple.product-type.application";
		};
		8AD9F3992953A4D000C26FA6 /* BestowerIOSAppTests */ = {
			isa = PBXNativeTarget;
			buildConfigurationList = 8AD9F3B12953A4D000C26FA6 /* Build configuration list for PBXNativeTarget "BestowerIOSAppTests" */;
			buildPhases = (
				8AD9F3962953A4D000C26FA6 /* Sources */,
				8AD9F3972953A4D000C26FA6 /* Frameworks */,
				8AD9F3982953A4D000C26FA6 /* Resources */,
			);
			buildRules = (
			);
			dependencies = (
				8AD9F39C2953A4D000C26FA6 /* PBXTargetDependency */,
			);
			name = BestowerIOSAppTests;
			productName = BestowerIOSAppTests;
			productReference = 8AD9F39A2953A4D000C26FA6 /* BestowerIOSAppTests.xctest */;
			productType = "com.apple.product-type.bundle.unit-test";
		};
		8AD9F3A32953A4D000C26FA6 /* BestowerIOSAppUITests */ = {
			isa = PBXNativeTarget;
			buildConfigurationList = 8AD9F3B42953A4D000C26FA6 /* Build configuration list for PBXNativeTarget "BestowerIOSAppUITests" */;
			buildPhases = (
				8AD9F3A02953A4D000C26FA6 /* Sources */,
				8AD9F3A12953A4D000C26FA6 /* Frameworks */,
				8AD9F3A22953A4D000C26FA6 /* Resources */,
			);
			buildRules = (
			);
			dependencies = (
				8AD9F3A62953A4D000C26FA6 /* PBXTargetDependency */,
			);
			name = BestowerIOSAppUITests;
			productName = BestowerIOSAppUITests;
			productReference = 8AD9F3A42953A4D000C26FA6 /* BestowerIOSAppUITests.xctest */;
			productType = "com.apple.product-type.bundle.ui-testing";
		};
/* End PBXNativeTarget section */

/* Begin PBXProject section */
		8AD9F3822953A4CE00C26FA6 /* Project object */ = {
			isa = PBXProject;
			attributes = {
				BuildIndependentTargetsInParallel = 1;
				LastSwiftUpdateCheck = 1420;
				LastUpgradeCheck = 1420;
				TargetAttributes = {
					8AD9F3892953A4CE00C26FA6 = {
						CreatedOnToolsVersion = 14.2;
					};
					8AD9F3992953A4D000C26FA6 = {
						CreatedOnToolsVersion = 14.2;
						TestTargetID = 8AD9F3892953A4CE00C26FA6;
					};
					8AD9F3A32953A4D000C26FA6 = {
						CreatedOnToolsVersion = 14.2;
						TestTargetID = 8AD9F3892953A4CE00C26FA6;
					};
				};
			};
			buildConfigurationList = 8AD9F3852953A4CE00C26FA6 /* Build configuration list for PBXProject "BestowerIOSApp" */;
			compatibilityVersion = "Xcode 14.0";
			developmentRegion = en;
			hasScannedForEncodings = 0;
			knownRegions = (
				en,
				Base,
			);
			mainGroup = 8AD9F3812953A4CE00C26FA6;
			productRefGroup = 8AD9F38B2953A4CE00C26FA6 /* Products */;
			projectDirPath = "";
			projectRoot = "";
			targets = (
				8AD9F3892953A4CE00C26FA6 /* BestowerIOSApp */,
				8AD9F3992953A4D000C26FA6 /* BestowerIOSAppTests */,
				8AD9F3A32953A4D000C26FA6 /* BestowerIOSAppUITests */,
			);
		};
/* End PBXProject section */

/* Begin PBXResourcesBuildPhase section */
		8AD9F3882953A4CE00C26FA6 /* Resources */ = {
			isa = PBXResourcesBuildPhase;
			buildActionMask = 2147483647;
			files = (
				8AD9F3952953A4CF00C26FA6 /* Preview Assets.xcassets in Resources */,
				8AD9F3922953A4CF00C26FA6 /* Assets.xcassets in Resources */,
			);
			runOnlyForDeploymentPostprocessing = 0;
		};
		8AD9F3982953A4D000C26FA6 /* Resources */ = {
			isa = PBXResourcesBuildPhase;
			buildActionMask = 2147483647;
			files = (
			);
			runOnlyForDeploymentPostprocessing = 0;
		};
		8AD9F3A22953A4D000C26FA6 /* Resources */ = {
			isa = PBXResourcesBuildPhase;
			buildActionMask = 2147483647;
			files = (
			);
			runOnlyForDeploymentPostprocessing = 0;
		};
/* End PBXResourcesBuildPhase section */

/* Begin PBXSourcesBuildPhase section */
		8AD9F3862953A4CE00C26FA6 /* Sources */ = {
			isa = PBXSourcesBuildPhase;
			buildActionMask = 2147483647;
			files = (
				53E3B49F295E757D00B77CC5 /* LoginView.swift in Sources */,
				8AD9F3902953A4CE00C26FA6 /* ContentView.swift in Sources */,
				8AD9F38E2953A4CE00C26FA6 /* BestowerIOSAppApp.swift in Sources */,
			);
			runOnlyForDeploymentPostprocessing = 0;
		};
		8AD9F3962953A4D000C26FA6 /* Sources */ = {
			isa = PBXSourcesBuildPhase;
			buildActionMask = 2147483647;
			files = (
				8AD9F39F2953A4D000C26FA6 /* BestowerIOSAppTests.swift in Sources */,
			);
			runOnlyForDeploymentPostprocessing = 0;
		};
		8AD9F3A02953A4D000C26FA6 /* Sources */ = {
			isa = PBXSourcesBuildPhase;
			buildActionMask = 2147483647;
			files = (
				8AD9F3A92953A4D000C26FA6 /* BestowerIOSAppUITests.swift in Sources */,
				8AD9F3AB2953A4D000C26FA6 /* BestowerIOSAppUITestsLaunchTests.swift in Sources */,
			);
			runOnlyForDeploymentPostprocessing = 0;
		};
/* End PBXSourcesBuildPhase section */

/* Begin PBXTargetDependency section */
		8AD9F39C2953A4D000C26FA6 /* PBXTargetDependency */ = {
			isa = PBXTargetDependency;
			target = 8AD9F3892953A4CE00C26FA6 /* BestowerIOSApp */;
			targetProxy = 8AD9F39B2953A4D000C26FA6 /* PBXContainerItemProxy */;
		};
		8AD9F3A62953A4D000C26FA6 /* PBXTargetDependency */ = {
			isa = PBXTargetDependency;
			target = 8AD9F3892953A4CE00C26FA6 /* BestowerIOSApp */;
			targetProxy = 8AD9F3A52953A4D000C26FA6 /* PBXContainerItemProxy */;
		};
/* End PBXTargetDependency section */

/* Begin XCBuildConfiguration section */
		8AD9F3AC2953A4D000C26FA6 /* Debug */ = {
			isa = XCBuildConfiguration;
			buildSettings = {
				ALWAYS_SEARCH_USER_PATHS = NO;
				CLANG_ANALYZER_NONNULL = YES;
				CLANG_ANALYZER_NUMBER_OBJECT_CONVERSION = YES_AGGRESSIVE;
				CLANG_CXX_LANGUAGE_STANDARD = "gnu++20";
				CLANG_ENABLE_MODULES = YES;
				CLANG_ENABLE_OBJC_ARC = YES;
				CLANG_ENABLE_OBJC_WEAK = YES;
				CLANG_WARN_BLOCK_CAPTURE_AUTORELEASING = YES;
				CLANG_WARN_BOOL_CONVERSION = YES;
				CLANG_WARN_COMMA = YES;
				CLANG_WARN_CONSTANT_CONVERSION = YES;
				CLANG_WARN_DEPRECATED_OBJC_IMPLEMENTATIONS = YES;
				CLANG_WARN_DIRECT_OBJC_ISA_USAGE = YES_ERROR;
				CLANG_WARN_DOCUMENTATION_COMMENTS = YES;
				CLANG_WARN_EMPTY_BODY = YES;
				CLANG_WARN_ENUM_CONVERSION = YES;
				CLANG_WARN_INFINITE_RECURSION = YES;
				CLANG_WARN_INT_CONVERSION = YES;
				CLANG_WARN_NON_LITERAL_NULL_CONVERSION = YES;
				CLANG_WARN_OBJC_IMPLICIT_RETAIN_SELF = YES;
				CLANG_WARN_OBJC_LITERAL_CONVERSION = YES;
				CLANG_WARN_OBJC_ROOT_CLASS = YES_ERROR;
				CLANG_WARN_QUOTED_INCLUDE_IN_FRAMEWORK_HEADER = YES;
				CLANG_WARN_RANGE_LOOP_ANALYSIS = YES;
				CLANG_WARN_STRICT_PROTOTYPES = YES;
				CLANG_WARN_SUSPICIOUS_MOVE = YES;
				CLANG_WARN_UNGUARDED_AVAILABILITY = YES_AGGRESSIVE;
				CLANG_WARN_UNREACHABLE_CODE = YES;
				CLANG_WARN__DUPLICATE_METHOD_MATCH = YES;
				COPY_PHASE_STRIP = NO;
				DEBUG_INFORMATION_FORMAT = dwarf;
				ENABLE_STRICT_OBJC_MSGSEND = YES;
				ENABLE_TESTABILITY = YES;
				GCC_C_LANGUAGE_STANDARD = gnu11;
				GCC_DYNAMIC_NO_PIC = NO;
				GCC_NO_COMMON_BLOCKS = YES;
				GCC_OPTIMIZATION_LEVEL = 0;
				GCC_PREPROCESSOR_DEFINITIONS = (
					"DEBUG=1",
					"$(inherited)",
				);
				GCC_WARN_64_TO_32_BIT_CONVERSION = YES;
				GCC_WARN_ABOUT_RETURN_TYPE = YES_ERROR;
				GCC_WARN_UNDECLARED_SELECTOR = YES;
				GCC_WARN_UNINITIALIZED_AUTOS = YES_AGGRESSIVE;
				GCC_WARN_UNUSED_FUNCTION = YES;
				GCC_WARN_UNUSED_VARIABLE = YES;
				IPHONEOS_DEPLOYMENT_TARGET = 16.2;
				MTL_ENABLE_DEBUG_INFO = INCLUDE_SOURCE;
				MTL_FAST_MATH = YES;
				ONLY_ACTIVE_ARCH = YES;
				SDKROOT = iphoneos;
				SWIFT_ACTIVE_COMPILATION_CONDITIONS = DEBUG;
				SWIFT_OPTIMIZATION_LEVEL = "-Onone";
			};
			name = Debug;
		};
		8AD9F3AD2953A4D000C26FA6 /* Release */ = {
			isa = XCBuildConfiguration;
			buildSettings = {
				ALWAYS_SEARCH_USER_PATHS = NO;
				CLANG_ANALYZER_NONNULL = YES;
				CLANG_ANALYZER_NUMBER_OBJECT_CONVERSION = YES_AGGRESSIVE;
				CLANG_CXX_LANGUAGE_STANDARD = "gnu++20";
				CLANG_ENABLE_MODULES = YES;
				CLANG_ENABLE_OBJC_ARC = YES;
				CLANG_ENABLE_OBJC_WEAK = YES;
				CLANG_WARN_BLOCK_CAPTURE_AUTORELEASING = YES;
				CLANG_WARN_BOOL_CONVERSION = YES;
				CLANG_WARN_COMMA = YES;
				CLANG_WARN_CONSTANT_CONVERSION = YES;
				CLANG_WARN_DEPRECATED_OBJC_IMPLEMENTATIONS = YES;
				CLANG_WARN_DIRECT_OBJC_ISA_USAGE = YES_ERROR;
				CLANG_WARN_DOCUMENTATION_COMMENTS = YES;
				CLANG_WARN_EMPTY_BODY = YES;
				CLANG_WARN_ENUM_CONVERSION = YES;
				CLANG_WARN_INFINITE_RECURSION = YES;
				CLANG_WARN_INT_CONVERSION = YES;
				CLANG_WARN_NON_LITERAL_NULL_CONVERSION = YES;
				CLANG_WARN_OBJC_IMPLICIT_RETAIN_SELF = YES;
				CLANG_WARN_OBJC_LITERAL_CONVERSION = YES;
				CLANG_WARN_OBJC_ROOT_CLASS = YES_ERROR;
				CLANG_WARN_QUOTED_INCLUDE_IN_FRAMEWORK_HEADER = YES;
				CLANG_WARN_RANGE_LOOP_ANALYSIS = YES;
				CLANG_WARN_STRICT_PROTOTYPES = YES;
				CLANG_WARN_SUSPICIOUS_MOVE = YES;
				CLANG_WARN_UNGUARDED_AVAILABILITY = YES_AGGRESSIVE;
				CLANG_WARN_UNREACHABLE_CODE = YES;
				CLANG_WARN__DUPLICATE_METHOD_MATCH = YES;
				COPY_PHASE_STRIP = NO;
				DEBUG_INFORMATION_FORMAT = "dwarf-with-dsym";
				ENABLE_NS_ASSERTIONS = NO;
				ENABLE_STRICT_OBJC_MSGSEND = YES;
				GCC_C_LANGUAGE_STANDARD = gnu11;
				GCC_NO_COMMON_BLOCKS = YES;
				GCC_WARN_64_TO_32_BIT_CONVERSION = YES;
				GCC_WARN_ABOUT_RETURN_TYPE = YES_ERROR;
				GCC_WARN_UNDECLARED_SELECTOR = YES;
				GCC_WARN_UNINITIALIZED_AUTOS = YES_AGGRESSIVE;
				GCC_WARN_UNUSED_FUNCTION = YES;
				GCC_WARN_UNUSED_VARIABLE = YES;
				IPHONEOS_DEPLOYMENT_TARGET = 16.2;
				MTL_ENABLE_DEBUG_INFO = NO;
				MTL_FAST_MATH = YES;
				SDKROOT = iphoneos;
				SWIFT_COMPILATION_MODE = wholemodule;
				SWIFT_OPTIMIZATION_LEVEL = "-O";
				VALIDATE_PRODUCT = YES;
			};
			name = Release;
		};
		8AD9F3AF2953A4D000C26FA6 /* Debug */ = {
			isa = XCBuildConfiguration;
			buildSettings = {
				ASSETCATALOG_COMPILER_APPICON_NAME = AppIcon;
				ASSETCATALOG_COMPILER_GLOBAL_ACCENT_COLOR_NAME = AccentColor;
				CODE_SIGN_STYLE = Automatic;
				CURRENT_PROJECT_VERSION = 1;
				DEVELOPMENT_ASSET_PATHS = "\"BestowerIOSApp/Preview Content\"";
				DEVELOPMENT_TEAM = TD2T3Y58YL;
				ENABLE_PREVIEWS = YES;
				GENERATE_INFOPLIST_FILE = YES;
				INFOPLIST_KEY_UIApplicationSceneManifest_Generation = YES;
				INFOPLIST_KEY_UIApplicationSupportsIndirectInputEvents = YES;
				INFOPLIST_KEY_UILaunchScreen_Generation = YES;
				INFOPLIST_KEY_UISupportedInterfaceOrientations_iPad = "UIInterfaceOrientationPortrait UIInterfaceOrientationPortraitUpsideDown UIInterfaceOrientationLandscapeLeft UIInterfaceOrientationLandscapeRight";
				INFOPLIST_KEY_UISupportedInterfaceOrientations_iPhone = "UIInterfaceOrientationPortrait UIInterfaceOrientationLandscapeLeft UIInterfaceOrientationLandscapeRight";
				LD_RUNPATH_SEARCH_PATHS = (
					"$(inherited)",
					"@executable_path/Frameworks",
				);
				MARKETING_VERSION = 1.0;
				PRODUCT_BUNDLE_IDENTIFIER = org.bestower.BestowerIOSApp;
				PRODUCT_NAME = "$(TARGET_NAME)";
				SWIFT_EMIT_LOC_STRINGS = YES;
				SWIFT_VERSION = 5.0;
				TARGETED_DEVICE_FAMILY = "1,2";
			};
			name = Debug;
		};
		8AD9F3B02953A4D000C26FA6 /* Release */ = {
			isa = XCBuildConfiguration;
			buildSettings = {
				ASSETCATALOG_COMPILER_APPICON_NAME = AppIcon;
				ASSETCATALOG_COMPILER_GLOBAL_ACCENT_COLOR_NAME = AccentColor;
				CODE_SIGN_STYLE = Automatic;
				CURRENT_PROJECT_VERSION = 1;
				DEVELOPMENT_ASSET_PATHS = "\"BestowerIOSApp/Preview Content\"";
				DEVELOPMENT_TEAM = TD2T3Y58YL;
				ENABLE_PREVIEWS = YES;
				GENERATE_INFOPLIST_FILE = YES;
				INFOPLIST_KEY_UIApplicationSceneManifest_Generation = YES;
				INFOPLIST_KEY_UIApplicationSupportsIndirectInputEvents = YES;
				INFOPLIST_KEY_UILaunchScreen_Generation = YES;
				INFOPLIST_KEY_UISupportedInterfaceOrientations_iPad = "UIInterfaceOrientationPortrait UIInterfaceOrientationPortraitUpsideDown UIInterfaceOrientationLandscapeLeft UIInterfaceOrientationLandscapeRight";
				INFOPLIST_KEY_UISupportedInterfaceOrientations_iPhone = "UIInterfaceOrientationPortrait UIInterfaceOrientationLandscapeLeft UIInterfaceOrientationLandscapeRight";
				LD_RUNPATH_SEARCH_PATHS = (
					"$(inherited)",
					"@executable_path/Frameworks",
				);
				MARKETING_VERSION = 1.0;
				PRODUCT_BUNDLE_IDENTIFIER = org.bestower.BestowerIOSApp;
				PRODUCT_NAME = "$(TARGET_NAME)";
				SWIFT_EMIT_LOC_STRINGS = YES;
				SWIFT_VERSION = 5.0;
				TARGETED_DEVICE_FAMILY = "1,2";
			};
			name = Release;
		};
		8AD9F3B22953A4D000C26FA6 /* Debug */ = {
			isa = XCBuildConfiguration;
			buildSettings = {
				ALWAYS_EMBED_SWIFT_STANDARD_LIBRARIES = YES;
				BUNDLE_LOADER = "$(TEST_HOST)";
				CODE_SIGN_STYLE = Automatic;
				CURRENT_PROJECT_VERSION = 1;
				DEVELOPMENT_TEAM = TD2T3Y58YL;
				GENERATE_INFOPLIST_FILE = YES;
				IPHONEOS_DEPLOYMENT_TARGET = 16.2;
				MARKETING_VERSION = 1.0;
				PRODUCT_BUNDLE_IDENTIFIER = org.bestower.BestowerIOSAppTests;
				PRODUCT_NAME = "$(TARGET_NAME)";
				SWIFT_EMIT_LOC_STRINGS = NO;
				SWIFT_VERSION = 5.0;
				TARGETED_DEVICE_FAMILY = "1,2";
				TEST_HOST = "$(BUILT_PRODUCTS_DIR)/BestowerIOSApp.app/$(BUNDLE_EXECUTABLE_FOLDER_PATH)/BestowerIOSApp";
			};
			name = Debug;
		};
		8AD9F3B32953A4D000C26FA6 /* Release */ = {
			isa = XCBuildConfiguration;
			buildSettings = {
				ALWAYS_EMBED_SWIFT_STANDARD_LIBRARIES = YES;
				BUNDLE_LOADER = "$(TEST_HOST)";
				CODE_SIGN_STYLE = Automatic;
				CURRENT_PROJECT_VERSION = 1;
				DEVELOPMENT_TEAM = TD2T3Y58YL;
				GENERATE_INFOPLIST_FILE = YES;
				IPHONEOS_DEPLOYMENT_TARGET = 16.2;
				MARKETING_VERSION = 1.0;
				PRODUCT_BUNDLE_IDENTIFIER = org.bestower.BestowerIOSAppTests;
				PRODUCT_NAME = "$(TARGET_NAME)";
				SWIFT_EMIT_LOC_STRINGS = NO;
				SWIFT_VERSION = 5.0;
				TARGETED_DEVICE_FAMILY = "1,2";
				TEST_HOST = "$(BUILT_PRODUCTS_DIR)/BestowerIOSApp.app/$(BUNDLE_EXECUTABLE_FOLDER_PATH)/BestowerIOSApp";
			};
			name = Release;
		};
		8AD9F3B52953A4D000C26FA6 /* Debug */ = {
			isa = XCBuildConfiguration;
			buildSettings = {
				ALWAYS_EMBED_SWIFT_STANDARD_LIBRARIES = YES;
				CODE_SIGN_STYLE = Automatic;
				CURRENT_PROJECT_VERSION = 1;
				DEVELOPMENT_TEAM = TD2T3Y58YL;
				GENERATE_INFOPLIST_FILE = YES;
				MARKETING_VERSION = 1.0;
				PRODUCT_BUNDLE_IDENTIFIER = org.bestower.BestowerIOSAppUITests;
				PRODUCT_NAME = "$(TARGET_NAME)";
				SWIFT_EMIT_LOC_STRINGS = NO;
				SWIFT_VERSION = 5.0;
				TARGETED_DEVICE_FAMILY = "1,2";
				TEST_TARGET_NAME = BestowerIOSApp;
			};
			name = Debug;
		};
		8AD9F3B62953A4D000C26FA6 /* Release */ = {
			isa = XCBuildConfiguration;
			buildSettings = {
				ALWAYS_EMBED_SWIFT_STANDARD_LIBRARIES = YES;
				CODE_SIGN_STYLE = Automatic;
				CURRENT_PROJECT_VERSION = 1;
				DEVELOPMENT_TEAM = TD2T3Y58YL;
				GENERATE_INFOPLIST_FILE = YES;
				MARKETING_VERSION = 1.0;
				PRODUCT_BUNDLE_IDENTIFIER = org.bestower.BestowerIOSAppUITests;
				PRODUCT_NAME = "$(TARGET_NAME)";
				SWIFT_EMIT_LOC_STRINGS = NO;
				SWIFT_VERSION = 5.0;
				TARGETED_DEVICE_FAMILY = "1,2";
				TEST_TARGET_NAME = BestowerIOSApp;
			};
			name = Release;
		};
/* End XCBuildConfiguration section */

/* Begin XCConfigurationList section */
		8AD9F3852953A4CE00C26FA6 /* Build configuration list for PBXProject "BestowerIOSApp" */ = {
			isa = XCConfigurationList;
			buildConfigurations = (
				8AD9F3AC2953A4D000C26FA6 /* Debug */,
				8AD9F3AD2953A4D000C26FA6 /* Release */,
			);
			defaultConfigurationIsVisible = 0;
			defaultConfigurationName = Release;
		};
		8AD9F3AE2953A4D000C26FA6 /* Build configuration list for PBXNativeTarget "BestowerIOSApp" */ = {
			isa = XCConfigurationList;
			buildConfigurations = (
				8AD9F3AF2953A4D000C26FA6 /* Debug */,
				8AD9F3B02953A4D000C26FA6 /* Release */,
			);
			defaultConfigurationIsVisible = 0;
			defaultConfigurationName = Release;
		};
		8AD9F3B12953A4D000C26FA6 /* Build configuration list for PBXNativeTarget "BestowerIOSAppTests" */ = {
			isa = XCConfigurationList;
			buildConfigurations = (
				8AD9F3B22953A4D000C26FA6 /* Debug */,
				8AD9F3B32953A4D000C26FA6 /* Release */,
			);
			defaultConfigurationIsVisible = 0;
			defaultConfigurationName = Release;
		};
		8AD9F3B42953A4D000C26FA6 /* Build configuration list for PBXNativeTarget "BestowerIOSAppUITests" */ = {
			isa = XCConfigurationList;
			buildConfigurations = (
				8AD9F3B52953A4D000C26FA6 /* Debug */,
				8AD9F3B62953A4D000C26FA6 /* Release */,
			);
			defaultConfigurationIsVisible = 0;
			defaultConfigurationName = Release;
		};
/* End XCConfigurationList section */
	};
	rootObject = 8AD9F3822953A4CE00C26FA6 /* Project object */;
}
